
Microsoft Visual Studio Solution File, Format Version 12.00
# Visual Studio 15
VisualStudioVersion = 15.0.34930.48
MinimumVisualStudioVersion = 10.0.40219.1
Project("{8BC9CEB8-8B4A-11D0-8D11-00A0C91BC942}") = "practise_8_19", "practise_8_19\practise_8_19.vcxproj", "{DFDBDF50-D2B9-429A-B68C-C0ECB7124C66}"
EndProject
Global
	GlobalSection(SolutionConfigurationPlatforms) = preSolution
		Debug|x64 = Debug|x64
		Debug|x86 = Debug|x86
		Release|x64 = Release|x64
		Release|x86 = Release|x86
	EndGlobalSection
	GlobalSection(ProjectConfigurationPlatforms) = postSolution
		{DFDBDF50-D2B9-429A-B68C-C0ECB7124C66}.Debug|x64.ActiveCfg = Debug|x64
		{DFDBDF50-D2B9-429A-B68C-C0ECB7124C66}.Debug|x64.Build.0 = Debug|x64
		{DFDBDF50-D2B9-429A-B68C-C0ECB7124C66}.Debug|x86.ActiveCfg = Debug|Win32
		{DFDBDF50-D2B9-429A-B68C-C0ECB7124C66}.Debug|x86.Build.0 = Debug|Win32
		{DFDBDF50-D2B9-429A-B68C-C0ECB7124C66}.Release|x64.ActiveCfg = Release|x64
		{DFDBDF50-D2B9-429A-B68C-C0ECB7124C66}.Release|x64.Build.0 = Release|x64
		{DFDBDF50-D2B9-429A-B68C-C0ECB7124C66}.Release|x86.ActiveCfg = Release|Win32
		{DFDBDF50-D2B9-429A-B68C-C0ECB7124C66}.Release|x86.Build.0 = Release|Win32
	EndGlobalSection
	GlobalSection(SolutionProperties) = preSolution
		HideSolutionNode = FALSE
	EndGlobalSection
	GlobalSection(ExtensibilityGlobals) = postSolution
		SolutionGuid = {39C79D53-B070-48A4-B8AE-5DFA8B7E8311}
	EndGlobalSection
EndGlobal
